
Microsoft Visual Studio Solution File, Format Version 12.00
# Visual Studio Version 17
VisualStudioVersion = 17.3.32929.385
MinimumVisualStudioVersion = 10.0.40219.1
Project("{9A19103F-16F7-4668-BE54-9A1E7A4F7556}") = "Athonet.Api", "Athonet.Api\Athonet.Api.csproj", "{8A91579E-7F4B-44BF-80F2-CBD5E951A9A9}"
EndProject
Project("{2150E333-8FDC-42A3-9474-1A3956D46DE8}") = "Solution Items", "Solution Items", "{406C11F9-6BE2-4C31-A422-6C7CAEF77CED}"
	ProjectSection(SolutionItems) = preProject
		.editorconfig = .editorconfig
		.gitignore = .gitignore
		Athonet.Api.sln.vsspell = Athonet.Api.sln.vsspell
		Athonet.Api.sln.vsspell.dic = Athonet.Api.sln.vsspell.dic
		global.json = global.json
		LICENSE = LICENSE
		README.md = README.md
		version.json = version.json
	EndProjectSection
EndProject
Project("{9A19103F-16F7-4668-BE54-9A1E7A4F7556}") = "Athonet.Api.Test", "Athonet.Api.Test\Athonet.Api.Test.csproj", "{43AC77A1-5C9F-4EC6-AA52-297BB94AF7BF}"
EndProject
Global
	GlobalSection(SolutionConfigurationPlatforms) = preSolution
		Debug|Any CPU = Debug|Any CPU
		Release|Any CPU = Release|Any CPU
	EndGlobalSection
	GlobalSection(ProjectConfigurationPlatforms) = postSolution
		{8A91579E-7F4B-44BF-80F2-CBD5E951A9A9}.Debug|Any CPU.ActiveCfg = Debug|Any CPU
		{8A91579E-7F4B-44BF-80F2-CBD5E951A9A9}.Debug|Any CPU.Build.0 = Debug|Any CPU
		{8A91579E-7F4B-44BF-80F2-CBD5E951A9A9}.Release|Any CPU.ActiveCfg = Release|Any CPU
		{8A91579E-7F4B-44BF-80F2-CBD5E951A9A9}.Release|Any CPU.Build.0 = Release|Any CPU
		{43AC77A1-5C9F-4EC6-AA52-297BB94AF7BF}.Debug|Any CPU.ActiveCfg = Debug|Any CPU
		{43AC77A1-5C9F-4EC6-AA52-297BB94AF7BF}.Debug|Any CPU.Build.0 = Debug|Any CPU
		{43AC77A1-5C9F-4EC6-AA52-297BB94AF7BF}.Release|Any CPU.ActiveCfg = Release|Any CPU
		{43AC77A1-5C9F-4EC6-AA52-297BB94AF7BF}.Release|Any CPU.Build.0 = Release|Any CPU
	EndGlobalSection
	GlobalSection(SolutionProperties) = preSolution
		HideSolutionNode = FALSE
	EndGlobalSection
	GlobalSection(ExtensibilityGlobals) = postSolution
		SolutionGuid = {6487D0E0-15D3-4995-A65E-2F12A2493493}
	EndGlobalSection
EndGlobal
